{
  "name": "Tic-Tac-Toe",
  "lockfileVersion": 2,
  "requires": true,
  "packages": {
    "": {
      "dependencies": {
        "vsc": "^0.1.10"
      }
    },
    "node_modules/vsc": {
      "version": "0.1.10",
      "resolved": "https://registry.npmjs.org/vsc/-/vsc-0.1.10.tgz",
      "integrity": "sha1-WqEkrhONAcQAtoOog78hStk/VPM="
    }
  },
  "dependencies": {
    "vsc": {
      "version": "0.1.10",
      "resolved": "https://registry.npmjs.org/vsc/-/vsc-0.1.10.tgz",
      "integrity": "sha1-WqEkrhONAcQAtoOog78hStk/VPM="
    }
  }
}
